
Microsoft Visual Studio Solution File, Format Version 12.00
# Visual Studio Version 17
VisualStudioVersion = 17.1.32328.378
MinimumVisualStudioVersion = 10.0.40219.1
Project("{FAE04EC0-301F-11D3-BF4B-00C04F79EFBC}") = "12_04_2022", "12_04_2022\12_04_2022.csproj", "{38C48E7D-4BB3-40E1-B8BC-6A8F70E40E18}"
EndProject
Global
	GlobalSection(SolutionConfigurationPlatforms) = preSolution
		Debug|Any CPU = Debug|Any CPU
		Release|Any CPU = Release|Any CPU
	EndGlobalSection
	GlobalSection(ProjectConfigurationPlatforms) = postSolution
		{38C48E7D-4BB3-40E1-B8BC-6A8F70E40E18}.Debug|Any CPU.ActiveCfg = Debug|Any CPU
		{38C48E7D-4BB3-40E1-B8BC-6A8F70E40E18}.Debug|Any CPU.Build.0 = Debug|Any CPU
		{38C48E7D-4BB3-40E1-B8BC-6A8F70E40E18}.Release|Any CPU.ActiveCfg = Release|Any CPU
		{38C48E7D-4BB3-40E1-B8BC-6A8F70E40E18}.Release|Any CPU.Build.0 = Release|Any CPU
	EndGlobalSection
	GlobalSection(SolutionProperties) = preSolution
		HideSolutionNode = FALSE
	EndGlobalSection
	GlobalSection(ExtensibilityGlobals) = postSolution
		SolutionGuid = {7BF996DC-6E75-43F4-A62A-BA863C842507}
	EndGlobalSection
EndGlobal
